
Microsoft Visual Studio Solution File, Format Version 12.00
# Visual Studio Version 17
VisualStudioVersion = 17.0.31903.59
MinimumVisualStudioVersion = 10.0.40219.1
Project("{FAE04EC0-301F-11D3-BF4B-00C04F79EFBC}") = "Aviator.Api", "Aviator.Api\Aviator.Api.csproj", "{D5D7E26E-337D-4DCE-A028-77B5DF2F0489}"
EndProject
Project("{FAE04EC0-301F-11D3-BF4B-00C04F79EFBC}") = "Aviator.Domain", "Aviator.Domain\Aviator.Domain.csproj", "{777A7ED8-082F-41C5-88A7-1DF5D75CD2CA}"
EndProject
Project("{FAE04EC0-301F-11D3-BF4B-00C04F79EFBC}") = "Aviator.Application", "Aviator.Application\Aviator.Application.csproj", "{81968385-7087-4EE7-8DFB-469B364C485C}"
EndProject
Project("{FAE04EC0-301F-11D3-BF4B-00C04F79EFBC}") = "Aviator.Infra", "Aviator.Infra\Aviator.Infra.csproj", "{F2795873-F771-453F-A221-D15C5036783E}"
EndProject
Global
	GlobalSection(SolutionConfigurationPlatforms) = preSolution
		Debug|Any CPU = Debug|Any CPU
		Debug|x64 = Debug|x64
		Debug|x86 = Debug|x86
		Release|Any CPU = Release|Any CPU
		Release|x64 = Release|x64
		Release|x86 = Release|x86
	EndGlobalSection
	GlobalSection(ProjectConfigurationPlatforms) = postSolution
		{D5D7E26E-337D-4DCE-A028-77B5DF2F0489}.Debug|Any CPU.ActiveCfg = Debug|Any CPU
		{D5D7E26E-337D-4DCE-A028-77B5DF2F0489}.Debug|Any CPU.Build.0 = Debug|Any CPU
		{D5D7E26E-337D-4DCE-A028-77B5DF2F0489}.Debug|x64.ActiveCfg = Debug|Any CPU
		{D5D7E26E-337D-4DCE-A028-77B5DF2F0489}.Debug|x64.Build.0 = Debug|Any CPU
		{D5D7E26E-337D-4DCE-A028-77B5DF2F0489}.Debug|x86.ActiveCfg = Debug|Any CPU
		{D5D7E26E-337D-4DCE-A028-77B5DF2F0489}.Debug|x86.Build.0 = Debug|Any CPU
		{D5D7E26E-337D-4DCE-A028-77B5DF2F0489}.Release|Any CPU.ActiveCfg = Release|Any CPU
		{D5D7E26E-337D-4DCE-A028-77B5DF2F0489}.Release|Any CPU.Build.0 = Release|Any CPU
		{D5D7E26E-337D-4DCE-A028-77B5DF2F0489}.Release|x64.ActiveCfg = Release|Any CPU
		{D5D7E26E-337D-4DCE-A028-77B5DF2F0489}.Release|x64.Build.0 = Release|Any CPU
		{D5D7E26E-337D-4DCE-A028-77B5DF2F0489}.Release|x86.ActiveCfg = Release|Any CPU
		{D5D7E26E-337D-4DCE-A028-77B5DF2F0489}.Release|x86.Build.0 = Release|Any CPU
		{777A7ED8-082F-41C5-88A7-1DF5D75CD2CA}.Debug|Any CPU.ActiveCfg = Debug|Any CPU
		{777A7ED8-082F-41C5-88A7-1DF5D75CD2CA}.Debug|Any CPU.Build.0 = Debug|Any CPU
		{777A7ED8-082F-41C5-88A7-1DF5D75CD2CA}.Debug|x64.ActiveCfg = Debug|Any CPU
		{777A7ED8-082F-41C5-88A7-1DF5D75CD2CA}.Debug|x64.Build.0 = Debug|Any CPU
		{777A7ED8-082F-41C5-88A7-1DF5D75CD2CA}.Debug|x86.ActiveCfg = Debug|Any CPU
		{777A7ED8-082F-41C5-88A7-1DF5D75CD2CA}.Debug|x86.Build.0 = Debug|Any CPU
		{777A7ED8-082F-41C5-88A7-1DF5D75CD2CA}.Release|Any CPU.ActiveCfg = Release|Any CPU
		{777A7ED8-082F-41C5-88A7-1DF5D75CD2CA}.Release|Any CPU.Build.0 = Release|Any CPU
		{777A7ED8-082F-41C5-88A7-1DF5D75CD2CA}.Release|x64.ActiveCfg = Release|Any CPU
		{777A7ED8-082F-41C5-88A7-1DF5D75CD2CA}.Release|x64.Build.0 = Release|Any CPU
		{777A7ED8-082F-41C5-88A7-1DF5D75CD2CA}.Release|x86.ActiveCfg = Release|Any CPU
		{777A7ED8-082F-41C5-88A7-1DF5D75CD2CA}.Release|x86.Build.0 = Release|Any CPU
		{81968385-7087-4EE7-8DFB-469B364C485C}.Debug|Any CPU.ActiveCfg = Debug|Any CPU
		{81968385-7087-4EE7-8DFB-469B364C485C}.Debug|Any CPU.Build.0 = Debug|Any CPU
		{81968385-7087-4EE7-8DFB-469B364C485C}.Debug|x64.ActiveCfg = Debug|Any CPU
		{81968385-7087-4EE7-8DFB-469B364C485C}.Debug|x64.Build.0 = Debug|Any CPU
		{81968385-7087-4EE7-8DFB-469B364C485C}.Debug|x86.ActiveCfg = Debug|Any CPU
		{81968385-7087-4EE7-8DFB-469B364C485C}.Debug|x86.Build.0 = Debug|Any CPU
		{81968385-7087-4EE7-8DFB-469B364C485C}.Release|Any CPU.ActiveCfg = Release|Any CPU
		{81968385-7087-4EE7-8DFB-469B364C485C}.Release|Any CPU.Build.0 = Release|Any CPU
		{81968385-7087-4EE7-8DFB-469B364C485C}.Release|x64.ActiveCfg = Release|Any CPU
		{81968385-7087-4EE7-8DFB-469B364C485C}.Release|x64.Build.0 = Release|Any CPU
		{81968385-7087-4EE7-8DFB-469B364C485C}.Release|x86.ActiveCfg = Release|Any CPU
		{81968385-7087-4EE7-8DFB-469B364C485C}.Release|x86.Build.0 = Release|Any CPU
		{F2795873-F771-453F-A221-D15C5036783E}.Debug|Any CPU.ActiveCfg = Debug|Any CPU
		{F2795873-F771-453F-A221-D15C5036783E}.Debug|Any CPU.Build.0 = Debug|Any CPU
		{F2795873-F771-453F-A221-D15C5036783E}.Debug|x64.ActiveCfg = Debug|Any CPU
		{F2795873-F771-453F-A221-D15C5036783E}.Debug|x64.Build.0 = Debug|Any CPU
		{F2795873-F771-453F-A221-D15C5036783E}.Debug|x86.ActiveCfg = Debug|Any CPU
		{F2795873-F771-453F-A221-D15C5036783E}.Debug|x86.Build.0 = Debug|Any CPU
		{F2795873-F771-453F-A221-D15C5036783E}.Release|Any CPU.ActiveCfg = Release|Any CPU
		{F2795873-F771-453F-A221-D15C5036783E}.Release|Any CPU.Build.0 = Release|Any CPU
		{F2795873-F771-453F-A221-D15C5036783E}.Release|x64.ActiveCfg = Release|Any CPU
		{F2795873-F771-453F-A221-D15C5036783E}.Release|x64.Build.0 = Release|Any CPU
		{F2795873-F771-453F-A221-D15C5036783E}.Release|x86.ActiveCfg = Release|Any CPU
		{F2795873-F771-453F-A221-D15C5036783E}.Release|x86.Build.0 = Release|Any CPU
	EndGlobalSection
	GlobalSection(SolutionProperties) = preSolution
		HideSolutionNode = FALSE
	EndGlobalSection
EndGlobal
